
Microsoft Visual Studio Solution File, Format Version 12.00
# Visual Studio Version 17
VisualStudioVersion = 17.14.36301.6 d17.14
MinimumVisualStudioVersion = 10.0.40219.1
Project("{FAE04EC0-301F-11D3-BF4B-00C04F79EFBC}") = "Lambda", "Lambda.csproj", "{31E35914-4F83-48A8-ABA6-8D081A39E346}"
EndProject
Global
	GlobalSection(SolutionConfigurationPlatforms) = preSolution
		Debug|Any CPU = Debug|Any CPU
		Release|Any CPU = Release|Any CPU
	EndGlobalSection
	GlobalSection(ProjectConfigurationPlatforms) = postSolution
		{31E35914-4F83-48A8-ABA6-8D081A39E346}.Debug|Any CPU.ActiveCfg = Debug|Any CPU
		{31E35914-4F83-48A8-ABA6-8D081A39E346}.Debug|Any CPU.Build.0 = Debug|Any CPU
		{31E35914-4F83-48A8-ABA6-8D081A39E346}.Release|Any CPU.ActiveCfg = Release|Any CPU
		{31E35914-4F83-48A8-ABA6-8D081A39E346}.Release|Any CPU.Build.0 = Release|Any CPU
	EndGlobalSection
	GlobalSection(SolutionProperties) = preSolution
		HideSolutionNode = FALSE
	EndGlobalSection
	GlobalSection(ExtensibilityGlobals) = postSolution
		SolutionGuid = {1F9CC734-783C-4139-A742-BC744D2B1F20}
	EndGlobalSection
EndGlobal
